
Microsoft Visual Studio Solution File, Format Version 12.00
# Visual Studio 2013
VisualStudioVersion = 12.0.31101.0
MinimumVisualStudioVersion = 10.0.40219.1
Project("{2150E333-8FDC-42A3-9474-1A3956D46DE8}") = "App1", "App1", "{F461FDB0-A067-4FEC-BB40-0742C02BF9D7}"
EndProject
Project("{8BC9CEB8-8B4A-11D0-8D11-00A0C91BC942}") = "App1.Shared", "App1\App1.Shared\App1.Shared.vcxitems", "{21EA6C36-6ABC-400B-91C4-23E7D98A18BE}"
EndProject
Project("{8BC9CEB8-8B4A-11D0-8D11-00A0C91BC942}") = "App1.Windows", "App1\App1.Windows\App1.Windows.vcxproj", "{EC547929-A575-4D33-879C-C05ACBC14A25}"
EndProject
Project("{8BC9CEB8-8B4A-11D0-8D11-00A0C91BC942}") = "App1.WindowsPhone", "App1\App1.WindowsPhone\App1.WindowsPhone.vcxproj", "{3D63EAA2-AC7A-4930-92AC-1440C341565F}"
EndProject
Global
	GlobalSection(SharedMSBuildProjectFiles) = preSolution
		App1\App1.Shared\App1.Shared.vcxitems*{3d63eaa2-ac7a-4930-92ac-1440c341565f}*SharedItemsImports = 4
		App1\App1.Shared\App1.Shared.vcxitems*{ec547929-a575-4d33-879c-c05acbc14a25}*SharedItemsImports = 4
		App1\App1.Shared\App1.Shared.vcxitems*{21ea6c36-6abc-400b-91c4-23e7d98a18be}*SharedItemsImports = 9
	EndGlobalSection
	GlobalSection(SolutionConfigurationPlatforms) = preSolution
		Debug|ARM = Debug|ARM
		Debug|Win32 = Debug|Win32
		Debug|x64 = Debug|x64
		Release|ARM = Release|ARM
		Release|Win32 = Release|Win32
		Release|x64 = Release|x64
	EndGlobalSection
	GlobalSection(ProjectConfigurationPlatforms) = postSolution
		{EC547929-A575-4D33-879C-C05ACBC14A25}.Debug|ARM.ActiveCfg = Debug|ARM
		{EC547929-A575-4D33-879C-C05ACBC14A25}.Debug|ARM.Build.0 = Debug|ARM
		{EC547929-A575-4D33-879C-C05ACBC14A25}.Debug|ARM.Deploy.0 = Debug|ARM
		{EC547929-A575-4D33-879C-C05ACBC14A25}.Debug|Win32.ActiveCfg = Debug|Win32
		{EC547929-A575-4D33-879C-C05ACBC14A25}.Debug|Win32.Build.0 = Debug|Win32
		{EC547929-A575-4D33-879C-C05ACBC14A25}.Debug|Win32.Deploy.0 = Debug|Win32
		{EC547929-A575-4D33-879C-C05ACBC14A25}.Debug|x64.ActiveCfg = Debug|x64
		{EC547929-A575-4D33-879C-C05ACBC14A25}.Debug|x64.Build.0 = Debug|x64
		{EC547929-A575-4D33-879C-C05ACBC14A25}.Debug|x64.Deploy.0 = Debug|x64
		{EC547929-A575-4D33-879C-C05ACBC14A25}.Release|ARM.ActiveCfg = Release|ARM
		{EC547929-A575-4D33-879C-C05ACBC14A25}.Release|ARM.Build.0 = Release|ARM
		{EC547929-A575-4D33-879C-C05ACBC14A25}.Release|ARM.Deploy.0 = Release|ARM
		{EC547929-A575-4D33-879C-C05ACBC14A25}.Release|Win32.ActiveCfg = Release|Win32
		{EC547929-A575-4D33-879C-C05ACBC14A25}.Release|Win32.Build.0 = Release|Win32
		{EC547929-A575-4D33-879C-C05ACBC14A25}.Release|Win32.Deploy.0 = Release|Win32
		{EC547929-A575-4D33-879C-C05ACBC14A25}.Release|x64.ActiveCfg = Release|x64
		{EC547929-A575-4D33-879C-C05ACBC14A25}.Release|x64.Build.0 = Release|x64
		{EC547929-A575-4D33-879C-C05ACBC14A25}.Release|x64.Deploy.0 = Release|x64
		{3D63EAA2-AC7A-4930-92AC-1440C341565F}.Debug|ARM.ActiveCfg = Debug|ARM
		{3D63EAA2-AC7A-4930-92AC-1440C341565F}.Debug|ARM.Build.0 = Debug|ARM
		{3D63EAA2-AC7A-4930-92AC-1440C341565F}.Debug|ARM.Deploy.0 = Debug|ARM
		{3D63EAA2-AC7A-4930-92AC-1440C341565F}.Debug|Win32.ActiveCfg = Debug|Win32
		{3D63EAA2-AC7A-4930-92AC-1440C341565F}.Debug|Win32.Build.0 = Debug|Win32
		{3D63EAA2-AC7A-4930-92AC-1440C341565F}.Debug|Win32.Deploy.0 = Debug|Win32
		{3D63EAA2-AC7A-4930-92AC-1440C341565F}.Debug|x64.ActiveCfg = Debug|Win32
		{3D63EAA2-AC7A-4930-92AC-1440C341565F}.Release|ARM.ActiveCfg = Release|ARM
		{3D63EAA2-AC7A-4930-92AC-1440C341565F}.Release|ARM.Build.0 = Release|ARM
		{3D63EAA2-AC7A-4930-92AC-1440C341565F}.Release|ARM.Deploy.0 = Release|ARM
		{3D63EAA2-AC7A-4930-92AC-1440C341565F}.Release|Win32.ActiveCfg = Release|Win32
		{3D63EAA2-AC7A-4930-92AC-1440C341565F}.Release|Win32.Build.0 = Release|Win32
		{3D63EAA2-AC7A-4930-92AC-1440C341565F}.Release|Win32.Deploy.0 = Release|Win32
		{3D63EAA2-AC7A-4930-92AC-1440C341565F}.Release|x64.ActiveCfg = Release|Win32
	EndGlobalSection
	GlobalSection(SolutionProperties) = preSolution
		HideSolutionNode = FALSE
	EndGlobalSection
	GlobalSection(NestedProjects) = preSolution
		{21EA6C36-6ABC-400B-91C4-23E7D98A18BE} = {F461FDB0-A067-4FEC-BB40-0742C02BF9D7}
		{EC547929-A575-4D33-879C-C05ACBC14A25} = {F461FDB0-A067-4FEC-BB40-0742C02BF9D7}
		{3D63EAA2-AC7A-4930-92AC-1440C341565F} = {F461FDB0-A067-4FEC-BB40-0742C02BF9D7}
	EndGlobalSection
EndGlobal
